
Microsoft Visual Studio Solution File, Format Version 12.00
# Visual Studio Version 17
VisualStudioVersion = 17.1.32210.238
MinimumVisualStudioVersion = 10.0.40219.1
Project("{9A19103F-16F7-4668-BE54-9A1E7A4F7556}") = "BlazorUI", "BlazorUI\BlazorUI.csproj", "{324880AD-C426-4ABD-B6EC-C8A1C080F8FE}"
EndProject
Project("{9A19103F-16F7-4668-BE54-9A1E7A4F7556}") = "DemoLibrary", "DemoLibrary\DemoLibrary.csproj", "{FAA379A8-1202-4764-937D-07298C158501}"
EndProject
Project("{FAE04EC0-301F-11D3-BF4B-00C04F79EFBC}") = "DemoApi", "DemoApi\DemoApi.csproj", "{B2BF50BF-8639-4EC5-8874-0F5DAFCBEEF6}"
EndProject
Global
	GlobalSection(SolutionConfigurationPlatforms) = preSolution
		Debug|Any CPU = Debug|Any CPU
		Release|Any CPU = Release|Any CPU
	EndGlobalSection
	GlobalSection(ProjectConfigurationPlatforms) = postSolution
		{324880AD-C426-4ABD-B6EC-C8A1C080F8FE}.Debug|Any CPU.ActiveCfg = Debug|Any CPU
		{324880AD-C426-4ABD-B6EC-C8A1C080F8FE}.Debug|Any CPU.Build.0 = Debug|Any CPU
		{324880AD-C426-4ABD-B6EC-C8A1C080F8FE}.Release|Any CPU.ActiveCfg = Release|Any CPU
		{324880AD-C426-4ABD-B6EC-C8A1C080F8FE}.Release|Any CPU.Build.0 = Release|Any CPU
		{FAA379A8-1202-4764-937D-07298C158501}.Debug|Any CPU.ActiveCfg = Debug|Any CPU
		{FAA379A8-1202-4764-937D-07298C158501}.Debug|Any CPU.Build.0 = Debug|Any CPU
		{FAA379A8-1202-4764-937D-07298C158501}.Release|Any CPU.ActiveCfg = Release|Any CPU
		{FAA379A8-1202-4764-937D-07298C158501}.Release|Any CPU.Build.0 = Release|Any CPU
		{B2BF50BF-8639-4EC5-8874-0F5DAFCBEEF6}.Debug|Any CPU.ActiveCfg = Debug|Any CPU
		{B2BF50BF-8639-4EC5-8874-0F5DAFCBEEF6}.Debug|Any CPU.Build.0 = Debug|Any CPU
		{B2BF50BF-8639-4EC5-8874-0F5DAFCBEEF6}.Release|Any CPU.ActiveCfg = Release|Any CPU
		{B2BF50BF-8639-4EC5-8874-0F5DAFCBEEF6}.Release|Any CPU.Build.0 = Release|Any CPU
	EndGlobalSection
	GlobalSection(SolutionProperties) = preSolution
		HideSolutionNode = FALSE
	EndGlobalSection
	GlobalSection(ExtensibilityGlobals) = postSolution
		SolutionGuid = {0E61322D-5B05-4BD3-88CA-929DA8C7E24E}
	EndGlobalSection
EndGlobal
